
Microsoft Visual Studio Solution File, Format Version 12.00
# Visual Studio Version 17
VisualStudioVersion = 17.3.32825.248
MinimumVisualStudioVersion = 10.0.40219.1
Project("{FAE04EC0-301F-11D3-BF4B-00C04F79EFBC}") = "AzureTest", "AzureTest\AzureTest.csproj", "{8ECB1DD3-7A2E-4764-91DD-082364E2619E}"
EndProject
Global
	GlobalSection(SolutionConfigurationPlatforms) = preSolution
		Debug|Any CPU = Debug|Any CPU
		Release|Any CPU = Release|Any CPU
	EndGlobalSection
	GlobalSection(ProjectConfigurationPlatforms) = postSolution
		{8ECB1DD3-7A2E-4764-91DD-082364E2619E}.Debug|Any CPU.ActiveCfg = Debug|Any CPU
		{8ECB1DD3-7A2E-4764-91DD-082364E2619E}.Debug|Any CPU.Build.0 = Debug|Any CPU
		{8ECB1DD3-7A2E-4764-91DD-082364E2619E}.Release|Any CPU.ActiveCfg = Release|Any CPU
		{8ECB1DD3-7A2E-4764-91DD-082364E2619E}.Release|Any CPU.Build.0 = Release|Any CPU
	EndGlobalSection
	GlobalSection(SolutionProperties) = preSolution
		HideSolutionNode = FALSE
	EndGlobalSection
	GlobalSection(ExtensibilityGlobals) = postSolution
		SolutionGuid = {20FEF7B0-41FA-49C5-8A9D-33FDA93CC28C}
	EndGlobalSection
EndGlobal
